// !$*UTF8*$!
{
	archiveVersion = 1;
	classes = {
	};
	objectVersion = 48;
	objects = {

/* Begin PBXBuildFile section */
		99EDCB5B1FCC1E4F004A0E9D /* Errors.swift in Sources */ = {isa = PBXBuildFile; fileRef = 99EDCB5A1FCC1E4F004A0E9D /* Errors.swift */; };
		A20DF66C1FBEB420004EBB2F /* PaygentTokenSDK.framework in Frameworks */ = {isa = PBXBuildFile; fileRef = A20DF6621FBEB420004EBB2F /* PaygentTokenSDK.framework */; };
		A20DF6711FBEB420004EBB2F /* PaygentTests.swift in Sources */ = {isa = PBXBuildFile; fileRef = A20DF6701FBEB420004EBB2F /* PaygentTests.swift */; };
		A20DF6731FBEB420004EBB2F /* Paygent.h in Headers */ = {isa = PBXBuildFile; fileRef = A20DF6651FBEB420004EBB2F /* Paygent.h */; settings = {ATTRIBUTES = (Public, ); }; };
		A20DF67D1FBEB79B004EBB2F /* Paygent.swift in Sources */ = {isa = PBXBuildFile; fileRef = A20DF67C1FBEB79B004EBB2F /* Paygent.swift */; };
		A20DF67F1FBECE13004EBB2F /* Request.swift in Sources */ = {isa = PBXBuildFile; fileRef = A20DF67E1FBECE13004EBB2F /* Request.swift */; };
		A20DF6961FC2794F004EBB2F /* Responses.swift in Sources */ = {isa = PBXBuildFile; fileRef = A20DF6951FC2794F004EBB2F /* Responses.swift */; };
/* End PBXBuildFile section */

/* Begin PBXContainerItemProxy section */
		A20DF66D1FBEB420004EBB2F /* PBXContainerItemProxy */ = {
			isa = PBXContainerItemProxy;
			containerPortal = A20DF6591FBEB420004EBB2F /* Project object */;
			proxyType = 1;
			remoteGlobalIDString = A20DF6611FBEB420004EBB2F;
			remoteInfo = Paygent;
		};
/* End PBXContainerItemProxy section */

/* Begin PBXFileReference section */
		99EDCB5A1FCC1E4F004A0E9D /* Errors.swift */ = {isa = PBXFileReference; lastKnownFileType = sourcecode.swift; path = Errors.swift; sourceTree = "<group>"; };
		A20DF6621FBEB420004EBB2F /* PaygentTokenSDK.framework */ = {isa = PBXFileReference; explicitFileType = wrapper.framework; includeInIndex = 0; path = PaygentTokenSDK.framework; sourceTree = BUILT_PRODUCTS_DIR; };
		A20DF6651FBEB420004EBB2F /* Paygent.h */ = {isa = PBXFileReference; lastKnownFileType = sourcecode.c.h; path = Paygent.h; sourceTree = "<group>"; };
		A20DF6661FBEB420004EBB2F /* Info.plist */ = {isa = PBXFileReference; lastKnownFileType = text.plist.xml; path = Info.plist; sourceTree = "<group>"; };
		A20DF66B1FBEB420004EBB2F /* PaygentTokenSDKTests.xctest */ = {isa = PBXFileReference; explicitFileType = wrapper.cfbundle; includeInIndex = 0; path = PaygentTokenSDKTests.xctest; sourceTree = BUILT_PRODUCTS_DIR; };
		A20DF6701FBEB420004EBB2F /* PaygentTests.swift */ = {isa = PBXFileReference; lastKnownFileType = sourcecode.swift; path = PaygentTests.swift; sourceTree = "<group>"; };
		A20DF6721FBEB420004EBB2F /* Info.plist */ = {isa = PBXFileReference; lastKnownFileType = text.plist.xml; path = Info.plist; sourceTree = "<group>"; };
		A20DF67C1FBEB79B004EBB2F /* Paygent.swift */ = {isa = PBXFileReference; lastKnownFileType = sourcecode.swift; path = Paygent.swift; sourceTree = "<group>"; };
		A20DF67E1FBECE13004EBB2F /* Request.swift */ = {isa = PBXFileReference; lastKnownFileType = sourcecode.swift; path = Request.swift; sourceTree = "<group>"; };
		A20DF6951FC2794F004EBB2F /* Responses.swift */ = {isa = PBXFileReference; lastKnownFileType = sourcecode.swift; path = Responses.swift; sourceTree = "<group>"; };
/* End PBXFileReference section */

/* Begin PBXFrameworksBuildPhase section */
		A20DF65E1FBEB420004EBB2F /* Frameworks */ = {
			isa = PBXFrameworksBuildPhase;
			buildActionMask = 2147483647;
			files = (
			);
			runOnlyForDeploymentPostprocessing = 0;
		};
		A20DF6681FBEB420004EBB2F /* Frameworks */ = {
			isa = PBXFrameworksBuildPhase;
			buildActionMask = 2147483647;
			files = (
				A20DF66C1FBEB420004EBB2F /* PaygentTokenSDK.framework in Frameworks */,
			);
			runOnlyForDeploymentPostprocessing = 0;
		};
/* End PBXFrameworksBuildPhase section */

/* Begin PBXGroup section */
		A20DF6581FBEB420004EBB2F = {
			isa = PBXGroup;
			children = (
				A20DF6641FBEB420004EBB2F /* PaygentTokenSDK */,
				A20DF66F1FBEB420004EBB2F /* PaygentTokenSDKTests */,
				A20DF6631FBEB420004EBB2F /* Products */,
			);
			sourceTree = "<group>";
		};
		A20DF6631FBEB420004EBB2F /* Products */ = {
			isa = PBXGroup;
			children = (
				A20DF6621FBEB420004EBB2F /* PaygentTokenSDK.framework */,
				A20DF66B1FBEB420004EBB2F /* PaygentTokenSDKTests.xctest */,
			);
			name = Products;
			sourceTree = "<group>";
		};
		A20DF6641FBEB420004EBB2F /* PaygentTokenSDK */ = {
			isa = PBXGroup;
			children = (
				A20DF6651FBEB420004EBB2F /* Paygent.h */,
				A20DF67C1FBEB79B004EBB2F /* Paygent.swift */,
				A20DF67E1FBECE13004EBB2F /* Request.swift */,
				A20DF6951FC2794F004EBB2F /* Responses.swift */,
				99EDCB5A1FCC1E4F004A0E9D /* Errors.swift */,
				A20DF6661FBEB420004EBB2F /* Info.plist */,
			);
			path = PaygentTokenSDK;
			sourceTree = "<group>";
		};
		A20DF66F1FBEB420004EBB2F /* PaygentTokenSDKTests */ = {
			isa = PBXGroup;
			children = (
				A20DF6701FBEB420004EBB2F /* PaygentTests.swift */,
				A20DF6721FBEB420004EBB2F /* Info.plist */,
			);
			path = PaygentTokenSDKTests;
			sourceTree = "<group>";
		};
/* End PBXGroup section */

/* Begin PBXHeadersBuildPhase section */
		A20DF65F1FBEB420004EBB2F /* Headers */ = {
			isa = PBXHeadersBuildPhase;
			buildActionMask = 2147483647;
			files = (
				A20DF6731FBEB420004EBB2F /* Paygent.h in Headers */,
			);
			runOnlyForDeploymentPostprocessing = 0;
		};
/* End PBXHeadersBuildPhase section */

/* Begin PBXNativeTarget section */
		A20DF6611FBEB420004EBB2F /* PaygentTokenSDK */ = {
			isa = PBXNativeTarget;
			buildConfigurationList = A20DF6761FBEB420004EBB2F /* Build configuration list for PBXNativeTarget "PaygentTokenSDK" */;
			buildPhases = (
				A20DF65D1FBEB420004EBB2F /* Sources */,
				A20DF65E1FBEB420004EBB2F /* Frameworks */,
				A20DF65F1FBEB420004EBB2F /* Headers */,
				A20DF6601FBEB420004EBB2F /* Resources */,
			);
			buildRules = (
			);
			dependencies = (
			);
			name = PaygentTokenSDK;
			productName = Paygent;
			productReference = A20DF6621FBEB420004EBB2F /* PaygentTokenSDK.framework */;
			productType = "com.apple.product-type.framework";
		};
		A20DF66A1FBEB420004EBB2F /* PaygentTokenSDKTests */ = {
			isa = PBXNativeTarget;
			buildConfigurationList = A20DF6791FBEB420004EBB2F /* Build configuration list for PBXNativeTarget "PaygentTokenSDKTests" */;
			buildPhases = (
				A20DF6671FBEB420004EBB2F /* Sources */,
				A20DF6681FBEB420004EBB2F /* Frameworks */,
				A20DF6691FBEB420004EBB2F /* Resources */,
			);
			buildRules = (
			);
			dependencies = (
				A20DF66E1FBEB420004EBB2F /* PBXTargetDependency */,
			);
			name = PaygentTokenSDKTests;
			productName = PaygentTests;
			productReference = A20DF66B1FBEB420004EBB2F /* PaygentTokenSDKTests.xctest */;
			productType = "com.apple.product-type.bundle.unit-test";
		};
/* End PBXNativeTarget section */

/* Begin PBXProject section */
		A20DF6591FBEB420004EBB2F /* Project object */ = {
			isa = PBXProject;
			attributes = {
				LastSwiftUpdateCheck = 0910;
				LastUpgradeCheck = 0940;
				ORGANIZATIONNAME = "Shuhei Kawaguchi";
				TargetAttributes = {
					A20DF6611FBEB420004EBB2F = {
						CreatedOnToolsVersion = 9.1;
						LastSwiftMigration = 1010;
						ProvisioningStyle = Automatic;
					};
					A20DF66A1FBEB420004EBB2F = {
						CreatedOnToolsVersion = 9.1;
						LastSwiftMigration = 1010;
						ProvisioningStyle = Automatic;
					};
				};
			};
			buildConfigurationList = A20DF65C1FBEB420004EBB2F /* Build configuration list for PBXProject "PaygentTokenSDK" */;
			compatibilityVersion = "Xcode 8.0";
			developmentRegion = en;
			hasScannedForEncodings = 0;
			knownRegions = (
				en,
			);
			mainGroup = A20DF6581FBEB420004EBB2F;
			productRefGroup = A20DF6631FBEB420004EBB2F /* Products */;
			projectDirPath = "";
			projectRoot = "";
			targets = (
				A20DF6611FBEB420004EBB2F /* PaygentTokenSDK */,
				A20DF66A1FBEB420004EBB2F /* PaygentTokenSDKTests */,
			);
		};
/* End PBXProject section */

/* Begin PBXResourcesBuildPhase section */
		A20DF6601FBEB420004EBB2F /* Resources */ = {
			isa = PBXResourcesBuildPhase;
			buildActionMask = 2147483647;
			files = (
			);
			runOnlyForDeploymentPostprocessing = 0;
		};
		A20DF6691FBEB420004EBB2F /* Resources */ = {
			isa = PBXResourcesBuildPhase;
			buildActionMask = 2147483647;
			files = (
			);
			runOnlyForDeploymentPostprocessing = 0;
		};
/* End PBXResourcesBuildPhase section */

/* Begin PBXSourcesBuildPhase section */
		A20DF65D1FBEB420004EBB2F /* Sources */ = {
			isa = PBXSourcesBuildPhase;
			buildActionMask = 2147483647;
			files = (
				99EDCB5B1FCC1E4F004A0E9D /* Errors.swift in Sources */,
				A20DF6961FC2794F004EBB2F /* Responses.swift in Sources */,
				A20DF67D1FBEB79B004EBB2F /* Paygent.swift in Sources */,
				A20DF67F1FBECE13004EBB2F /* Request.swift in Sources */,
			);
			runOnlyForDeploymentPostprocessing = 0;
		};
		A20DF6671FBEB420004EBB2F /* Sources */ = {
			isa = PBXSourcesBuildPhase;
			buildActionMask = 2147483647;
			files = (
				A20DF6711FBEB420004EBB2F /* PaygentTests.swift in Sources */,
			);
			runOnlyForDeploymentPostprocessing = 0;
		};
/* End PBXSourcesBuildPhase section */

/* Begin PBXTargetDependency section */
		A20DF66E1FBEB420004EBB2F /* PBXTargetDependency */ = {
			isa = PBXTargetDependency;
			target = A20DF6611FBEB420004EBB2F /* PaygentTokenSDK */;
			targetProxy = A20DF66D1FBEB420004EBB2F /* PBXContainerItemProxy */;
		};
/* End PBXTargetDependency section */

/* Begin XCBuildConfiguration section */
		A20DF6741FBEB420004EBB2F /* Debug */ = {
			isa = XCBuildConfiguration;
			buildSettings = {
				ALWAYS_SEARCH_USER_PATHS = NO;
				CLANG_ANALYZER_NONNULL = YES;
				CLANG_ANALYZER_NUMBER_OBJECT_CONVERSION = YES_AGGRESSIVE;
				CLANG_CXX_LANGUAGE_STANDARD = "gnu++14";
				CLANG_CXX_LIBRARY = "libc++";
				CLANG_ENABLE_MODULES = YES;
				CLANG_ENABLE_OBJC_ARC = YES;
				CLANG_WARN_BLOCK_CAPTURE_AUTORELEASING = YES;
				CLANG_WARN_BOOL_CONVERSION = YES;
				CLANG_WARN_COMMA = YES;
				CLANG_WARN_CONSTANT_CONVERSION = YES;
				CLANG_WARN_DEPRECATED_OBJC_IMPLEMENTATIONS = YES;
				CLANG_WARN_DIRECT_OBJC_ISA_USAGE = YES_ERROR;
				CLANG_WARN_DOCUMENTATION_COMMENTS = YES;
				CLANG_WARN_EMPTY_BODY = YES;
				CLANG_WARN_ENUM_CONVERSION = YES;
				CLANG_WARN_INFINITE_RECURSION = YES;
				CLANG_WARN_INT_CONVERSION = YES;
				CLANG_WARN_NON_LITERAL_NULL_CONVERSION = YES;
				CLANG_WARN_OBJC_IMPLICIT_RETAIN_SELF = YES;
				CLANG_WARN_OBJC_LITERAL_CONVERSION = YES;
				CLANG_WARN_OBJC_ROOT_CLASS = YES_ERROR;
				CLANG_WARN_RANGE_LOOP_ANALYSIS = YES;
				CLANG_WARN_STRICT_PROTOTYPES = YES;
				CLANG_WARN_SUSPICIOUS_MOVE = YES;
				CLANG_WARN_UNGUARDED_AVAILABILITY = YES_AGGRESSIVE;
				CLANG_WARN_UNREACHABLE_CODE = YES;
				CLANG_WARN__DUPLICATE_METHOD_MATCH = YES;
				CODE_SIGN_IDENTITY = "iPhone Developer";
				COPY_PHASE_STRIP = NO;
				CURRENT_PROJECT_VERSION = 1;
				DEBUG_INFORMATION_FORMAT = dwarf;
				ENABLE_STRICT_OBJC_MSGSEND = YES;
				ENABLE_TESTABILITY = YES;
				GCC_C_LANGUAGE_STANDARD = gnu11;
				GCC_DYNAMIC_NO_PIC = NO;
				GCC_NO_COMMON_BLOCKS = YES;
				GCC_OPTIMIZATION_LEVEL = 0;
				GCC_PREPROCESSOR_DEFINITIONS = (
					"DEBUG=1",
					"$(inherited)",
				);
				GCC_WARN_64_TO_32_BIT_CONVERSION = YES;
				GCC_WARN_ABOUT_RETURN_TYPE = YES_ERROR;
				GCC_WARN_UNDECLARED_SELECTOR = YES;
				GCC_WARN_UNINITIALIZED_AUTOS = YES_AGGRESSIVE;
				GCC_WARN_UNUSED_FUNCTION = YES;
				GCC_WARN_UNUSED_VARIABLE = YES;
				IPHONEOS_DEPLOYMENT_TARGET = 8.0;
				MTL_ENABLE_DEBUG_INFO = YES;
				ONLY_ACTIVE_ARCH = YES;
				SDKROOT = iphoneos;
				SWIFT_ACTIVE_COMPILATION_CONDITIONS = DEBUG;
				SWIFT_OPTIMIZATION_LEVEL = "-Onone";
				VERSIONING_SYSTEM = "apple-generic";
				VERSION_INFO_PREFIX = "";
			};
			name = Debug;
		};
		A20DF6751FBEB420004EBB2F /* Release */ = {
			isa = XCBuildConfiguration;
			buildSettings = {
				ALWAYS_SEARCH_USER_PATHS = NO;
				CLANG_ANALYZER_NONNULL = YES;
				CLANG_ANALYZER_NUMBER_OBJECT_CONVERSION = YES_AGGRESSIVE;
				CLANG_CXX_LANGUAGE_STANDARD = "gnu++14";
				CLANG_CXX_LIBRARY = "libc++";
				CLANG_ENABLE_MODULES = YES;
				CLANG_ENABLE_OBJC_ARC = YES;
				CLANG_WARN_BLOCK_CAPTURE_AUTORELEASING = YES;
				CLANG_WARN_BOOL_CONVERSION = YES;
				CLANG_WARN_COMMA = YES;
				CLANG_WARN_CONSTANT_CONVERSION = YES;
				CLANG_WARN_DEPRECATED_OBJC_IMPLEMENTATIONS = YES;
				CLANG_WARN_DIRECT_OBJC_ISA_USAGE = YES_ERROR;
				CLANG_WARN_DOCUMENTATION_COMMENTS = YES;
				CLANG_WARN_EMPTY_BODY = YES;
				CLANG_WARN_ENUM_CONVERSION = YES;
				CLANG_WARN_INFINITE_RECURSION = YES;
				CLANG_WARN_INT_CONVERSION = YES;
				CLANG_WARN_NON_LITERAL_NULL_CONVERSION = YES;
				CLANG_WARN_OBJC_IMPLICIT_RETAIN_SELF = YES;
				CLANG_WARN_OBJC_LITERAL_CONVERSION = YES;
				CLANG_WARN_OBJC_ROOT_CLASS = YES_ERROR;
				CLANG_WARN_RANGE_LOOP_ANALYSIS = YES;
				CLANG_WARN_STRICT_PROTOTYPES = YES;
				CLANG_WARN_SUSPICIOUS_MOVE = YES;
				CLANG_WARN_UNGUARDED_AVAILABILITY = YES_AGGRESSIVE;
				CLANG_WARN_UNREACHABLE_CODE = YES;
				CLANG_WARN__DUPLICATE_METHOD_MATCH = YES;
				CODE_SIGN_IDENTITY = "iPhone Developer";
				COPY_PHASE_STRIP = NO;
				CURRENT_PROJECT_VERSION = 1;
				DEBUG_INFORMATION_FORMAT = "dwarf-with-dsym";
				ENABLE_NS_ASSERTIONS = NO;
				ENABLE_STRICT_OBJC_MSGSEND = YES;
				GCC_C_LANGUAGE_STANDARD = gnu11;
				GCC_NO_COMMON_BLOCKS = YES;
				GCC_WARN_64_TO_32_BIT_CONVERSION = YES;
				GCC_WARN_ABOUT_RETURN_TYPE = YES_ERROR;
				GCC_WARN_UNDECLARED_SELECTOR = YES;
				GCC_WARN_UNINITIALIZED_AUTOS = YES_AGGRESSIVE;
				GCC_WARN_UNUSED_FUNCTION = YES;
				GCC_WARN_UNUSED_VARIABLE = YES;
				IPHONEOS_DEPLOYMENT_TARGET = 8.0;
				MTL_ENABLE_DEBUG_INFO = NO;
				SDKROOT = iphoneos;
				SWIFT_OPTIMIZATION_LEVEL = "-Owholemodule";
				VALIDATE_PRODUCT = YES;
				VERSIONING_SYSTEM = "apple-generic";
				VERSION_INFO_PREFIX = "";
			};
			name = Release;
		};
		A20DF6771FBEB420004EBB2F /* Debug */ = {
			isa = XCBuildConfiguration;
			buildSettings = {
				CLANG_ENABLE_MODULES = YES;
				CODE_SIGN_IDENTITY = "";
				CODE_SIGN_STYLE = Automatic;
				DEFINES_MODULE = YES;
				DYLIB_COMPATIBILITY_VERSION = 1;
				DYLIB_CURRENT_VERSION = 1;
				DYLIB_INSTALL_NAME_BASE = "@rpath";
				INFOPLIST_FILE = PaygentTokenSDK/Info.plist;
				INSTALL_PATH = "$(LOCAL_LIBRARY_DIR)/Frameworks";
				LD_RUNPATH_SEARCH_PATHS = "$(inherited) @executable_path/Frameworks @loader_path/Frameworks";
				PRODUCT_BUNDLE_IDENTIFIER = sk.Paygent;
				PRODUCT_NAME = "$(TARGET_NAME:c99extidentifier)";
				SKIP_INSTALL = YES;
				SWIFT_OPTIMIZATION_LEVEL = "-Onone";
				SWIFT_VERSION = 4.2;
				TARGETED_DEVICE_FAMILY = "1,2";
			};
			name = Debug;
		};
		A20DF6781FBEB420004EBB2F /* Release */ = {
			isa = XCBuildConfiguration;
			buildSettings = {
				CLANG_ENABLE_MODULES = YES;
				CODE_SIGN_IDENTITY = "";
				CODE_SIGN_STYLE = Automatic;
				DEFINES_MODULE = YES;
				DYLIB_COMPATIBILITY_VERSION = 1;
				DYLIB_CURRENT_VERSION = 1;
				DYLIB_INSTALL_NAME_BASE = "@rpath";
				INFOPLIST_FILE = PaygentTokenSDK/Info.plist;
				INSTALL_PATH = "$(LOCAL_LIBRARY_DIR)/Frameworks";
				LD_RUNPATH_SEARCH_PATHS = "$(inherited) @executable_path/Frameworks @loader_path/Frameworks";
				PRODUCT_BUNDLE_IDENTIFIER = sk.Paygent;
				PRODUCT_NAME = "$(TARGET_NAME:c99extidentifier)";
				SKIP_INSTALL = YES;
				SWIFT_VERSION = 4.2;
				TARGETED_DEVICE_FAMILY = "1,2";
			};
			name = Release;
		};
		A20DF67A1FBEB420004EBB2F /* Debug */ = {
			isa = XCBuildConfiguration;
			buildSettings = {
				ALWAYS_EMBED_SWIFT_STANDARD_LIBRARIES = YES;
				CODE_SIGN_STYLE = Automatic;
				INFOPLIST_FILE = PaygentTokenSDKTests/Info.plist;
				LD_RUNPATH_SEARCH_PATHS = "$(inherited) @executable_path/Frameworks @loader_path/Frameworks";
				PRODUCT_BUNDLE_IDENTIFIER = sk.PaygentTests;
				PRODUCT_NAME = "$(TARGET_NAME)";
				SWIFT_VERSION = 4.2;
				TARGETED_DEVICE_FAMILY = "1,2";
			};
			name = Debug;
		};
		A20DF67B1FBEB420004EBB2F /* Release */ = {
			isa = XCBuildConfiguration;
			buildSettings = {
				ALWAYS_EMBED_SWIFT_STANDARD_LIBRARIES = YES;
				CODE_SIGN_STYLE = Automatic;
				INFOPLIST_FILE = PaygentTokenSDKTests/Info.plist;
				LD_RUNPATH_SEARCH_PATHS = "$(inherited) @executable_path/Frameworks @loader_path/Frameworks";
				PRODUCT_BUNDLE_IDENTIFIER = sk.PaygentTests;
				PRODUCT_NAME = "$(TARGET_NAME)";
				SWIFT_VERSION = 4.2;
				TARGETED_DEVICE_FAMILY = "1,2";
			};
			name = Release;
		};
/* End XCBuildConfiguration section */

/* Begin XCConfigurationList section */
		A20DF65C1FBEB420004EBB2F /* Build configuration list for PBXProject "PaygentTokenSDK" */ = {
			isa = XCConfigurationList;
			buildConfigurations = (
				A20DF6741FBEB420004EBB2F /* Debug */,
				A20DF6751FBEB420004EBB2F /* Release */,
			);
			defaultConfigurationIsVisible = 0;
			defaultConfigurationName = Release;
		};
		A20DF6761FBEB420004EBB2F /* Build configuration list for PBXNativeTarget "PaygentTokenSDK" */ = {
			isa = XCConfigurationList;
			buildConfigurations = (
				A20DF6771FBEB420004EBB2F /* Debug */,
				A20DF6781FBEB420004EBB2F /* Release */,
			);
			defaultConfigurationIsVisible = 0;
			defaultConfigurationName = Release;
		};
		A20DF6791FBEB420004EBB2F /* Build configuration list for PBXNativeTarget "PaygentTokenSDKTests" */ = {
			isa = XCConfigurationList;
			buildConfigurations = (
				A20DF67A1FBEB420004EBB2F /* Debug */,
				A20DF67B1FBEB420004EBB2F /* Release */,
			);
			defaultConfigurationIsVisible = 0;
			defaultConfigurationName = Release;
		};
/* End XCConfigurationList section */
	};
	rootObject = A20DF6591FBEB420004EBB2F /* Project object */;
}
